<?xml version="1.0" encoding="utf-8"?>
<Project ToolsVersion="4.0" xmlns="http://schemas.microsoft.com/developer/msbuild/2003">
  <ItemGroup>
    <Filter Include="Source Files">
      <UniqueIdentifier>{4FC737F1-C7A5-4376-A066-2A32D752A2FF}</UniqueIdentifier>
      <Extensions>cpp;c;cc;cxx;c++;cppm;ixx;def;odl;idl;hpj;bat;asm;asmx</Extensions>
    </Filter>
    <Filter Include="Header Files">
      <UniqueIdentifier>{93995380-89BD-4b04-88EB-625FBE52EBFB}</UniqueIdentifier>
      <Extensions>h;hh;hpp;hxx;h++;hm;inl;inc;ipp;xsd</Extensions>
    </Filter>
    <Filter Include="Resource Files">
      <UniqueIdentifier>{67DA6AB6-F800-4c08-8B7A-83BB121AAD01}</UniqueIdentifier>
      <Extensions>rc;ico;cur;bmp;dlg;rc2;rct;bin;rgs;gif;jpg;jpeg;jpe;resx;tiff;tif;png;wav;mfcribbon-ms</Extensions>
    </Filter>
    <Filter Include="imgui">
      <UniqueIdentifier>{c3bac954-9b7b-47bf-94ca-09ee54225179}</UniqueIdentifier>
    </Filter>
    <Filter Include="imnodes">
      <UniqueIdentifier>{d2cba3ed-b484-44c7-ad23-ce70b2b4cc56}</UniqueIdentifier>
    </Filter>
    <Filter Include="nodes">
      <UniqueIdentifier>{0fe033c9-7ac5-4f33-b4fe-2f26396454e9}</UniqueIdentifier>
    </Filter>
  </ItemGroup>
  <ItemGroup>
    <ClCompile Include="VisionDemos.cpp">
      <Filter>Source Files</Filter>
    </ClCompile>
    <ClCompile Include="lib\imgui-docking\imgui.cpp">
      <Filter>imgui</Filter>
    </ClCompile>
    <ClCompile Include="lib\imgui-docking\imgui_draw.cpp">
      <Filter>imgui</Filter>
    </ClCompile>
    <ClCompile Include="lib\imgui-docking\imgui_tables.cpp">
      <Filter>imgui</Filter>
    </ClCompile>
    <ClCompile Include="lib\imgui-docking\imgui_widgets.cpp">
      <Filter>imgui</Filter>
    </ClCompile>
    <ClCompile Include="lib\imgui-docking\backends\imgui_impl_opengl3.cpp">
      <Filter>imgui</Filter>
    </ClCompile>
    <ClCompile Include="lib\imgui-docking\backends\imgui_impl_glfw.cpp">
      <Filter>imgui</Filter>
    </ClCompile>
    <ClCompile Include="lib\imnodes-master\imnodes.cpp">
      <Filter>imnodes</Filter>
    </ClCompile>
    <ClCompile Include="lib\imgui-docking\misc\cpp\imgui_stdlib.cpp">
      <Filter>imgui</Filter>
    </ClCompile>
    <ClCompile Include="NodeList.cpp">
      <Filter>Source Files</Filter>
    </ClCompile>
    <ClCompile Include="Pin.cpp">
      <Filter>Source Files</Filter>
    </ClCompile>
    <ClCompile Include="nodes\NodeImageLoad.cpp">
      <Filter>nodes</Filter>
    </ClCompile>
    <ClCompile Include="nodes\Node.cpp">
      <Filter>nodes</Filter>
    </ClCompile>
    <ClCompile Include="nodes\NodeAdd.cpp">
      <Filter>nodes</Filter>
    </ClCompile>
    <ClCompile Include="nodes\NodeCameraStream.cpp">
      <Filter>nodes</Filter>
    </ClCompile>
    <ClCompile Include="nodes\NodeOutput.cpp">
      <Filter>nodes</Filter>
    </ClCompile>
    <ClCompile Include="nodes\NodeConvertColor.cpp">
      <Filter>nodes</Filter>
    </ClCompile>
    <ClCompile Include="nodes\NodeThreshold.cpp">
      <Filter>nodes</Filter>
    </ClCompile>
    <ClCompile Include="nodes\NodeErode.cpp">
      <Filter>nodes</Filter>
    </ClCompile>
    <ClCompile Include="nodes\NodeDilate.cpp">
      <Filter>nodes</Filter>
    </ClCompile>
    <ClCompile Include="nodes\NodeResize.cpp">
      <Filter>nodes</Filter>
    </ClCompile>
    <ClCompile Include="nodes\NodeCrop.cpp">
      <Filter>nodes</Filter>
    </ClCompile>
    <ClCompile Include="nodes\NodeHistogram.cpp">
      <Filter>nodes</Filter>
    </ClCompile>
    <ClCompile Include="nodes\NodeSubtract.cpp">
      <Filter>nodes</Filter>
    </ClCompile>
    <ClCompile Include="nodes\NodeInRange.cpp">
      <Filter>nodes</Filter>
    </ClCompile>
    <ClCompile Include="nodes\NodeDistanceTransform.cpp">
      <Filter>nodes</Filter>
    </ClCompile>
    <ClCompile Include="nodes\NodeNormalize.cpp">
      <Filter>nodes</Filter>
    </ClCompile>
    <ClCompile Include="nodes\NodeConvolve.cpp">
      <Filter>nodes</Filter>
    </ClCompile>
    <ClCompile Include="nodes\NodeMultiply.cpp">
      <Filter>nodes</Filter>
    </ClCompile>
    <ClCompile Include="nodes\NodeAnd.cpp">
      <Filter>nodes</Filter>
    </ClCompile>
    <ClCompile Include="MRU.cpp">
      <Filter>Source Files</Filter>
    </ClCompile>
    <ClCompile Include="nodes\NodeGaussianBlur.cpp">
      <Filter>nodes</Filter>
    </ClCompile>
    <ClCompile Include="Image.cpp">
      <Filter>Source Files</Filter>
    </ClCompile>
    <ClCompile Include="nodes\NodeCanny.cpp">
      <Filter>nodes</Filter>
    </ClCompile>
    <ClCompile Include="nodes\NodeContours.cpp">
      <Filter>nodes</Filter>
    </ClCompile>
  </ItemGroup>
  <ItemGroup>
    <ClInclude Include="lib\imgui-docking\imgui.h">
      <Filter>imgui</Filter>
    </ClInclude>
    <ClInclude Include="lib\imgui-docking\imgui_internal.h">
      <Filter>imgui</Filter>
    </ClInclude>
    <ClInclude Include="lib\imgui-docking\imstb_rectpack.h">
      <Filter>imgui</Filter>
    </ClInclude>
    <ClInclude Include="lib\imgui-docking\imstb_textedit.h">
      <Filter>imgui</Filter>
    </ClInclude>
    <ClInclude Include="lib\imgui-docking\imstb_truetype.h">
      <Filter>imgui</Filter>
    </ClInclude>
    <ClInclude Include="lib\imgui-docking\imconfig.h">
      <Filter>imgui</Filter>
    </ClInclude>
    <ClInclude Include="lib\imgui-docking\backends\imgui_impl_opengl3.h">
      <Filter>imgui</Filter>
    </ClInclude>
    <ClInclude Include="lib\imgui-docking\backends\imgui_impl_opengl3_loader.h">
      <Filter>imgui</Filter>
    </ClInclude>
    <ClInclude Include="lib\imgui-docking\backends\imgui_impl_glfw.h">
      <Filter>imgui</Filter>
    </ClInclude>
    <ClInclude Include="lib\imnodes-master\imnodes.h">
      <Filter>imnodes</Filter>
    </ClInclude>
    <ClInclude Include="lib\imnodes-master\imnodes_internal.h">
      <Filter>imnodes</Filter>
    </ClInclude>
    <ClInclude Include="lib\imgui-docking\misc\cpp\imgui_stdlib.h">
      <Filter>imgui</Filter>
    </ClInclude>
    <ClInclude Include="NodeList.h">
      <Filter>Header Files</Filter>
    </ClInclude>
    <ClInclude Include="Pin.h">
      <Filter>Header Files</Filter>
    </ClInclude>
    <ClInclude Include="nodes\NodeImageLoad.h">
      <Filter>nodes</Filter>
    </ClInclude>
    <ClInclude Include="nodes\Node.h">
      <Filter>nodes</Filter>
    </ClInclude>
    <ClInclude Include="nodes\Nodes.h">
      <Filter>nodes</Filter>
    </ClInclude>
    <ClInclude Include="nodes\NodeAdd.h">
      <Filter>nodes</Filter>
    </ClInclude>
    <ClInclude Include="nodes\NodeCameraStream.h">
      <Filter>nodes</Filter>
    </ClInclude>
    <ClInclude Include="nodes\NodeOutput.h">
      <Filter>nodes</Filter>
    </ClInclude>
    <ClInclude Include="nodes\NodeConvertColor.h">
      <Filter>nodes</Filter>
    </ClInclude>
    <ClInclude Include="nodes\NodeThreshold.h">
      <Filter>nodes</Filter>
    </ClInclude>
    <ClInclude Include="nodes\NodeErode.h">
      <Filter>nodes</Filter>
    </ClInclude>
    <ClInclude Include="nodes\NodeDilate.h">
      <Filter>nodes</Filter>
    </ClInclude>
    <ClInclude Include="nodes\NodeResize.h">
      <Filter>nodes</Filter>
    </ClInclude>
    <ClInclude Include="nodes\NodeCrop.h">
      <Filter>nodes</Filter>
    </ClInclude>
    <ClInclude Include="nodes\NodeHistogram.h">
      <Filter>nodes</Filter>
    </ClInclude>
    <ClInclude Include="nodes\NodeSubtract.h">
      <Filter>nodes</Filter>
    </ClInclude>
    <ClInclude Include="nodes\NodeInRange.h">
      <Filter>nodes</Filter>
    </ClInclude>
    <ClInclude Include="nodes\NodeDistanceTransform.h">
      <Filter>nodes</Filter>
    </ClInclude>
    <ClInclude Include="nodes\NodeNormalize.h">
      <Filter>nodes</Filter>
    </ClInclude>
    <ClInclude Include="nodes\NodeConvolve.h">
      <Filter>nodes</Filter>
    </ClInclude>
    <ClInclude Include="nodes\NodeMultiply.h">
      <Filter>nodes</Filter>
    </ClInclude>
    <ClInclude Include="nodes\NodeAnd.h">
      <Filter>nodes</Filter>
    </ClInclude>
    <ClInclude Include="MRU.h">
      <Filter>Header Files</Filter>
    </ClInclude>
    <ClInclude Include="nodes\NodeGaussianBlur.h">
      <Filter>nodes</Filter>
    </ClInclude>
    <ClInclude Include="Image.h">
      <Filter>Header Files</Filter>
    </ClInclude>
    <ClInclude Include="nodes\NodeCanny.h">
      <Filter>nodes</Filter>
    </ClInclude>
    <ClInclude Include="nodes\NodeContours.h">
      <Filter>nodes</Filter>
    </ClInclude>
  </ItemGroup>
</Project>